
Microsoft Visual Studio Solution File, Format Version 12.00
# Visual Studio Version 16
VisualStudioVersion = 16.0.30611.23
MinimumVisualStudioVersion = 10.0.40219.1
Project("{FAE04EC0-301F-11D3-BF4B-00C04F79EFBC}") = "Day7DisconnectedExample", "Day7DisconnectedExample\Day7DisconnectedExample.csproj", "{74D753FF-073B-48A2-95EA-9C344AF96C0C}"
EndProject
Global
	GlobalSection(SolutionConfigurationPlatforms) = preSolution
		Debug|Any CPU = Debug|Any CPU
		Release|Any CPU = Release|Any CPU
	EndGlobalSection
	GlobalSection(ProjectConfigurationPlatforms) = postSolution
		{74D753FF-073B-48A2-95EA-9C344AF96C0C}.Debug|Any CPU.ActiveCfg = Debug|Any CPU
		{74D753FF-073B-48A2-95EA-9C344AF96C0C}.Debug|Any CPU.Build.0 = Debug|Any CPU
		{74D753FF-073B-48A2-95EA-9C344AF96C0C}.Release|Any CPU.ActiveCfg = Release|Any CPU
		{74D753FF-073B-48A2-95EA-9C344AF96C0C}.Release|Any CPU.Build.0 = Release|Any CPU
	EndGlobalSection
	GlobalSection(SolutionProperties) = preSolution
		HideSolutionNode = FALSE
	EndGlobalSection
	GlobalSection(ExtensibilityGlobals) = postSolution
		SolutionGuid = {3DE63E87-8A52-47D4-8093-1E3A2AA40C79}
	EndGlobalSection
EndGlobal
