
Microsoft Visual Studio Solution File, Format Version 12.00
# Visual Studio Version 16
VisualStudioVersion = 16.0.30611.23
MinimumVisualStudioVersion = 10.0.40219.1
Project("{FAE04EC0-301F-11D3-BF4B-00C04F79EFBC}") = "CaseStudy2", "CaseStudy2\CaseStudy2.csproj", "{954FC171-750C-4B27-A46D-5C3DF196E0EB}"
EndProject
Global
	GlobalSection(SolutionConfigurationPlatforms) = preSolution
		Debug|Any CPU = Debug|Any CPU
		Release|Any CPU = Release|Any CPU
	EndGlobalSection
	GlobalSection(ProjectConfigurationPlatforms) = postSolution
		{954FC171-750C-4B27-A46D-5C3DF196E0EB}.Debug|Any CPU.ActiveCfg = Debug|Any CPU
		{954FC171-750C-4B27-A46D-5C3DF196E0EB}.Debug|Any CPU.Build.0 = Debug|Any CPU
		{954FC171-750C-4B27-A46D-5C3DF196E0EB}.Release|Any CPU.ActiveCfg = Release|Any CPU
		{954FC171-750C-4B27-A46D-5C3DF196E0EB}.Release|Any CPU.Build.0 = Release|Any CPU
	EndGlobalSection
	GlobalSection(SolutionProperties) = preSolution
		HideSolutionNode = FALSE
	EndGlobalSection
	GlobalSection(ExtensibilityGlobals) = postSolution
		SolutionGuid = {5B5C7005-401F-4102-BDB9-E41AF489B77C}
	EndGlobalSection
EndGlobal
